
Microsoft Visual Studio Solution File, Format Version 12.00
# Visual Studio Version 16
VisualStudioVersion = 16.0.30907.101
MinimumVisualStudioVersion = 10.0.40219.1
Project("{9A19103F-16F7-4668-BE54-9A1E7A4F7556}") = "AppleAndOrange", "AppleAndOrange\AppleAndOrange.csproj", "{AD5159D9-1635-42CE-9552-C1C736DEDF7E}"
EndProject
Project("{9A19103F-16F7-4668-BE54-9A1E7A4F7556}") = "GradingStudents", "GradingStudents\GradingStudents.csproj", "{C8B4B20E-FFAB-466D-AE33-9F249C906588}"
EndProject
Project("{9A19103F-16F7-4668-BE54-9A1E7A4F7556}") = "NumberLineJumps", "NumberLineJumps\NumberLineJumps.csproj", "{DBDB1930-CF13-4729-B0C9-DB9E78226E38}"
EndProject
Project("{9A19103F-16F7-4668-BE54-9A1E7A4F7556}") = "BetweenTwoSets", "BetweenTwoSets\BetweenTwoSets.csproj", "{C9BC721D-BC82-4302-A33F-DAD8EC5E4418}"
EndProject
Project("{9A19103F-16F7-4668-BE54-9A1E7A4F7556}") = "SubarrayDivision", "SubarrayDivision\SubarrayDivision.csproj", "{D4280A5D-EE5D-40AF-8FBB-C4E4FE432C00}"
EndProject
Project("{9A19103F-16F7-4668-BE54-9A1E7A4F7556}") = "DivisibleSumPairs", "DivisibleSumPairs\DivisibleSumPairs.csproj", "{8A9F02EB-2F18-4549-A392-D422A2E2BA9B}"
EndProject
Project("{9A19103F-16F7-4668-BE54-9A1E7A4F7556}") = "MigratoryBirds", "MigratoryBirds\MigratoryBirds.csproj", "{BC8D5D10-566E-4A0C-8BED-DEBBC84465E2}"
EndProject
Project("{FAE04EC0-301F-11D3-BF4B-00C04F79EFBC}") = "BillDivision", "BillDivision\BillDivision.csproj", "{7C0A8CCD-F733-41C3-B8D7-5EF67E0EB257}"
EndProject
Global
	GlobalSection(SolutionConfigurationPlatforms) = preSolution
		Debug|Any CPU = Debug|Any CPU
		Release|Any CPU = Release|Any CPU
	EndGlobalSection
	GlobalSection(ProjectConfigurationPlatforms) = postSolution
		{AD5159D9-1635-42CE-9552-C1C736DEDF7E}.Debug|Any CPU.ActiveCfg = Debug|Any CPU
		{AD5159D9-1635-42CE-9552-C1C736DEDF7E}.Debug|Any CPU.Build.0 = Debug|Any CPU
		{AD5159D9-1635-42CE-9552-C1C736DEDF7E}.Release|Any CPU.ActiveCfg = Release|Any CPU
		{AD5159D9-1635-42CE-9552-C1C736DEDF7E}.Release|Any CPU.Build.0 = Release|Any CPU
		{C8B4B20E-FFAB-466D-AE33-9F249C906588}.Debug|Any CPU.ActiveCfg = Debug|Any CPU
		{C8B4B20E-FFAB-466D-AE33-9F249C906588}.Debug|Any CPU.Build.0 = Debug|Any CPU
		{C8B4B20E-FFAB-466D-AE33-9F249C906588}.Release|Any CPU.ActiveCfg = Release|Any CPU
		{C8B4B20E-FFAB-466D-AE33-9F249C906588}.Release|Any CPU.Build.0 = Release|Any CPU
		{DBDB1930-CF13-4729-B0C9-DB9E78226E38}.Debug|Any CPU.ActiveCfg = Debug|Any CPU
		{DBDB1930-CF13-4729-B0C9-DB9E78226E38}.Debug|Any CPU.Build.0 = Debug|Any CPU
		{DBDB1930-CF13-4729-B0C9-DB9E78226E38}.Release|Any CPU.ActiveCfg = Release|Any CPU
		{DBDB1930-CF13-4729-B0C9-DB9E78226E38}.Release|Any CPU.Build.0 = Release|Any CPU
		{C9BC721D-BC82-4302-A33F-DAD8EC5E4418}.Debug|Any CPU.ActiveCfg = Debug|Any CPU
		{C9BC721D-BC82-4302-A33F-DAD8EC5E4418}.Debug|Any CPU.Build.0 = Debug|Any CPU
		{C9BC721D-BC82-4302-A33F-DAD8EC5E4418}.Release|Any CPU.ActiveCfg = Release|Any CPU
		{C9BC721D-BC82-4302-A33F-DAD8EC5E4418}.Release|Any CPU.Build.0 = Release|Any CPU
		{D4280A5D-EE5D-40AF-8FBB-C4E4FE432C00}.Debug|Any CPU.ActiveCfg = Debug|Any CPU
		{D4280A5D-EE5D-40AF-8FBB-C4E4FE432C00}.Debug|Any CPU.Build.0 = Debug|Any CPU
		{D4280A5D-EE5D-40AF-8FBB-C4E4FE432C00}.Release|Any CPU.ActiveCfg = Release|Any CPU
		{D4280A5D-EE5D-40AF-8FBB-C4E4FE432C00}.Release|Any CPU.Build.0 = Release|Any CPU
		{8A9F02EB-2F18-4549-A392-D422A2E2BA9B}.Debug|Any CPU.ActiveCfg = Debug|Any CPU
		{8A9F02EB-2F18-4549-A392-D422A2E2BA9B}.Debug|Any CPU.Build.0 = Debug|Any CPU
		{8A9F02EB-2F18-4549-A392-D422A2E2BA9B}.Release|Any CPU.ActiveCfg = Release|Any CPU
		{8A9F02EB-2F18-4549-A392-D422A2E2BA9B}.Release|Any CPU.Build.0 = Release|Any CPU
		{BC8D5D10-566E-4A0C-8BED-DEBBC84465E2}.Debug|Any CPU.ActiveCfg = Debug|Any CPU
		{BC8D5D10-566E-4A0C-8BED-DEBBC84465E2}.Debug|Any CPU.Build.0 = Debug|Any CPU
		{BC8D5D10-566E-4A0C-8BED-DEBBC84465E2}.Release|Any CPU.ActiveCfg = Release|Any CPU
		{BC8D5D10-566E-4A0C-8BED-DEBBC84465E2}.Release|Any CPU.Build.0 = Release|Any CPU
		{7C0A8CCD-F733-41C3-B8D7-5EF67E0EB257}.Debug|Any CPU.ActiveCfg = Debug|Any CPU
		{7C0A8CCD-F733-41C3-B8D7-5EF67E0EB257}.Debug|Any CPU.Build.0 = Debug|Any CPU
		{7C0A8CCD-F733-41C3-B8D7-5EF67E0EB257}.Release|Any CPU.ActiveCfg = Release|Any CPU
		{7C0A8CCD-F733-41C3-B8D7-5EF67E0EB257}.Release|Any CPU.Build.0 = Release|Any CPU
	EndGlobalSection
	GlobalSection(SolutionProperties) = preSolution
		HideSolutionNode = FALSE
	EndGlobalSection
	GlobalSection(ExtensibilityGlobals) = postSolution
		SolutionGuid = {B4AE6D55-54CA-4966-9BE9-9B324A3A2456}
	EndGlobalSection
EndGlobal
